// !$*UTF8*$!
{
	archiveVersion = 1;
	classes = {
	};
	objectVersion = 56;
	objects = {

/* Begin PBXBuildFile section */
		04100F812A8E72860024D4A1 /* AppDelegate.swift in Sources */ = {isa = PBXBuildFile; fileRef = 04100F802A8E72860024D4A1 /* AppDelegate.swift */; };
		04100F832A8E72860024D4A1 /* SceneDelegate.swift in Sources */ = {isa = PBXBuildFile; fileRef = 04100F822A8E72860024D4A1 /* SceneDelegate.swift */; };
		04100F852A8E72860024D4A1 /* SearchViewController.swift in Sources */ = {isa = PBXBuildFile; fileRef = 04100F842A8E72860024D4A1 /* SearchViewController.swift */; };
		04100F8A2A8E72880024D4A1 /* Assets.xcassets in Resources */ = {isa = PBXBuildFile; fileRef = 04100F892A8E72880024D4A1 /* Assets.xcassets */; };
		04100F8D2A8E72880024D4A1 /* LaunchScreen.storyboard in Resources */ = {isa = PBXBuildFile; fileRef = 04100F8B2A8E72880024D4A1 /* LaunchScreen.storyboard */; };
		04100F952A8E74340024D4A1 /* FollowerListViewController.swift in Sources */ = {isa = PBXBuildFile; fileRef = 04100F942A8E74340024D4A1 /* FollowerListViewController.swift */; };
		04100F972A8E74550024D4A1 /* FavoritesListViewController.swift in Sources */ = {isa = PBXBuildFile; fileRef = 04100F962A8E74550024D4A1 /* FavoritesListViewController.swift */; };
		04100F992A8E74680024D4A1 /* UserInfoViewController.swift in Sources */ = {isa = PBXBuildFile; fileRef = 04100F982A8E74680024D4A1 /* UserInfoViewController.swift */; };
		0411CAE62A98FE7E000830DF /* GitHubAlertViewController.swift in Sources */ = {isa = PBXBuildFile; fileRef = 0411CAE52A98FE7E000830DF /* GitHubAlertViewController.swift */; };
		04859A402A979BF0009D9847 /* GithubFollowerTitleLabel.swift in Sources */ = {isa = PBXBuildFile; fileRef = 04859A3F2A979BF0009D9847 /* GithubFollowerTitleLabel.swift */; };
		04859A462A97BDF8009D9847 /* GitHubFollowerBodyLabel.swift in Sources */ = {isa = PBXBuildFile; fileRef = 04859A452A97BDF8009D9847 /* GitHubFollowerBodyLabel.swift */; };
		04B01F362A9A5D2000D6CEB6 /* UIViewController+Ext.swift in Sources */ = {isa = PBXBuildFile; fileRef = 04B01F352A9A5D2000D6CEB6 /* UIViewController+Ext.swift */; };
		04D5489C2A9C2E1D00214EDA /* NetworkManager.swift in Sources */ = {isa = PBXBuildFile; fileRef = 04D5489B2A9C2E1D00214EDA /* NetworkManager.swift */; };
		04D5489F2A9C301000214EDA /* URLConstant.swift in Sources */ = {isa = PBXBuildFile; fileRef = 04D5489E2A9C301000214EDA /* URLConstant.swift */; };
		04FA4BBE2A9BA35400EE2AC0 /* Follower.swift in Sources */ = {isa = PBXBuildFile; fileRef = 04FA4BBD2A9BA35400EE2AC0 /* Follower.swift */; };
		04FA4BC02A9BA38900EE2AC0 /* User.swift in Sources */ = {isa = PBXBuildFile; fileRef = 04FA4BBF2A9BA38900EE2AC0 /* User.swift */; };
		04FFA93B2A948AD9006F259A /* GitHubFollowerButton.swift in Sources */ = {isa = PBXBuildFile; fileRef = 04FFA93A2A948AD9006F259A /* GitHubFollowerButton.swift */; };
		04FFA93F2A952D0F006F259A /* GitHubFollowerTextField.swift in Sources */ = {isa = PBXBuildFile; fileRef = 04FFA93E2A952D0F006F259A /* GitHubFollowerTextField.swift */; };
/* End PBXBuildFile section */

/* Begin PBXFileReference section */
		04100F7D2A8E72860024D4A1 /* GitHubFollowers.app */ = {isa = PBXFileReference; explicitFileType = wrapper.application; includeInIndex = 0; path = GitHubFollowers.app; sourceTree = BUILT_PRODUCTS_DIR; };
		04100F802A8E72860024D4A1 /* AppDelegate.swift */ = {isa = PBXFileReference; lastKnownFileType = sourcecode.swift; path = AppDelegate.swift; sourceTree = "<group>"; };
		04100F822A8E72860024D4A1 /* SceneDelegate.swift */ = {isa = PBXFileReference; lastKnownFileType = sourcecode.swift; path = SceneDelegate.swift; sourceTree = "<group>"; };
		04100F842A8E72860024D4A1 /* SearchViewController.swift */ = {isa = PBXFileReference; lastKnownFileType = sourcecode.swift; path = SearchViewController.swift; sourceTree = "<group>"; };
		04100F892A8E72880024D4A1 /* Assets.xcassets */ = {isa = PBXFileReference; lastKnownFileType = folder.assetcatalog; path = Assets.xcassets; sourceTree = "<group>"; };
		04100F8C2A8E72880024D4A1 /* Base */ = {isa = PBXFileReference; lastKnownFileType = file.storyboard; name = Base; path = Base.lproj/LaunchScreen.storyboard; sourceTree = "<group>"; };
		04100F8E2A8E72880024D4A1 /* Info.plist */ = {isa = PBXFileReference; lastKnownFileType = text.plist.xml; path = Info.plist; sourceTree = "<group>"; };
		04100F942A8E74340024D4A1 /* FollowerListViewController.swift */ = {isa = PBXFileReference; lastKnownFileType = sourcecode.swift; path = FollowerListViewController.swift; sourceTree = "<group>"; };
		04100F962A8E74550024D4A1 /* FavoritesListViewController.swift */ = {isa = PBXFileReference; lastKnownFileType = sourcecode.swift; path = FavoritesListViewController.swift; sourceTree = "<group>"; };
		04100F982A8E74680024D4A1 /* UserInfoViewController.swift */ = {isa = PBXFileReference; lastKnownFileType = sourcecode.swift; path = UserInfoViewController.swift; sourceTree = "<group>"; };
		0411CAE52A98FE7E000830DF /* GitHubAlertViewController.swift */ = {isa = PBXFileReference; lastKnownFileType = sourcecode.swift; path = GitHubAlertViewController.swift; sourceTree = "<group>"; };
		04859A3F2A979BF0009D9847 /* GithubFollowerTitleLabel.swift */ = {isa = PBXFileReference; lastKnownFileType = sourcecode.swift; path = GithubFollowerTitleLabel.swift; sourceTree = "<group>"; };
		04859A452A97BDF8009D9847 /* GitHubFollowerBodyLabel.swift */ = {isa = PBXFileReference; lastKnownFileType = sourcecode.swift; path = GitHubFollowerBodyLabel.swift; sourceTree = "<group>"; };
		04B01F352A9A5D2000D6CEB6 /* UIViewController+Ext.swift */ = {isa = PBXFileReference; lastKnownFileType = sourcecode.swift; path = "UIViewController+Ext.swift"; sourceTree = "<group>"; };
		04D5489B2A9C2E1D00214EDA /* NetworkManager.swift */ = {isa = PBXFileReference; lastKnownFileType = sourcecode.swift; path = NetworkManager.swift; sourceTree = "<group>"; };
		04D5489E2A9C301000214EDA /* URLConstant.swift */ = {isa = PBXFileReference; lastKnownFileType = sourcecode.swift; path = URLConstant.swift; sourceTree = "<group>"; };
		04FA4BBD2A9BA35400EE2AC0 /* Follower.swift */ = {isa = PBXFileReference; lastKnownFileType = sourcecode.swift; path = Follower.swift; sourceTree = "<group>"; };
		04FA4BBF2A9BA38900EE2AC0 /* User.swift */ = {isa = PBXFileReference; lastKnownFileType = sourcecode.swift; path = User.swift; sourceTree = "<group>"; };
		04FFA93A2A948AD9006F259A /* GitHubFollowerButton.swift */ = {isa = PBXFileReference; lastKnownFileType = sourcecode.swift; path = GitHubFollowerButton.swift; sourceTree = "<group>"; };
		04FFA93E2A952D0F006F259A /* GitHubFollowerTextField.swift */ = {isa = PBXFileReference; lastKnownFileType = sourcecode.swift; path = GitHubFollowerTextField.swift; sourceTree = "<group>"; };
/* End PBXFileReference section */

/* Begin PBXFrameworksBuildPhase section */
		04100F7A2A8E72860024D4A1 /* Frameworks */ = {
			isa = PBXFrameworksBuildPhase;
			buildActionMask = 2147483647;
			files = (
			);
			runOnlyForDeploymentPostprocessing = 0;
		};
/* End PBXFrameworksBuildPhase section */

/* Begin PBXGroup section */
		04100F742A8E72860024D4A1 = {
			isa = PBXGroup;
			children = (
				04100F7F2A8E72860024D4A1 /* GitHubFollowers */,
				04100F7E2A8E72860024D4A1 /* Products */,
			);
			sourceTree = "<group>";
		};
		04100F7E2A8E72860024D4A1 /* Products */ = {
			isa = PBXGroup;
			children = (
				04100F7D2A8E72860024D4A1 /* GitHubFollowers.app */,
			);
			name = Products;
			sourceTree = "<group>";
		};
		04100F7F2A8E72860024D4A1 /* GitHubFollowers */ = {
			isa = PBXGroup;
			children = (
				04D5489D2A9C2FDF00214EDA /* constant */,
				04D5489A2A9C2DFA00214EDA /* Managers */,
				04FA4BBC2A9BA33600EE2AC0 /* Model */,
				04FA4BBB2A9BA1A900EE2AC0 /* Alert Controller */,
				04FA4BB72A9BA19F00EE2AC0 /* Support */,
				04FA4BB62A9BA19C00EE2AC0 /* Extensions */,
				04FA4BB52A9BA19A00EE2AC0 /* Custom Views */,
				04FA4BB42A9BA19700EE2AC0 /* Screens */,
				04100F892A8E72880024D4A1 /* Assets.xcassets */,
				04100F8B2A8E72880024D4A1 /* LaunchScreen.storyboard */,
				04100F8E2A8E72880024D4A1 /* Info.plist */,
			);
			path = GitHubFollowers;
			sourceTree = "<group>";
		};
		04D5489A2A9C2DFA00214EDA /* Managers */ = {
			isa = PBXGroup;
			children = (
				04D5489B2A9C2E1D00214EDA /* NetworkManager.swift */,
			);
			path = Managers;
			sourceTree = "<group>";
		};
		04D5489D2A9C2FDF00214EDA /* constant */ = {
			isa = PBXGroup;
			children = (
				04D5489E2A9C301000214EDA /* URLConstant.swift */,
			);
			path = constant;
			sourceTree = "<group>";
		};
		04FA4BB42A9BA19700EE2AC0 /* Screens */ = {
			isa = PBXGroup;
			children = (
				04100F842A8E72860024D4A1 /* SearchViewController.swift */,
				04100F942A8E74340024D4A1 /* FollowerListViewController.swift */,
				04100F962A8E74550024D4A1 /* FavoritesListViewController.swift */,
				04100F982A8E74680024D4A1 /* UserInfoViewController.swift */,
			);
			path = Screens;
			sourceTree = "<group>";
		};
		04FA4BB52A9BA19A00EE2AC0 /* Custom Views */ = {
			isa = PBXGroup;
			children = (
				04FFA93A2A948AD9006F259A /* GitHubFollowerButton.swift */,
				04FFA93E2A952D0F006F259A /* GitHubFollowerTextField.swift */,
				04859A3F2A979BF0009D9847 /* GithubFollowerTitleLabel.swift */,
				04859A452A97BDF8009D9847 /* GitHubFollowerBodyLabel.swift */,
			);
			path = "Custom Views";
			sourceTree = "<group>";
		};
		04FA4BB62A9BA19C00EE2AC0 /* Extensions */ = {
			isa = PBXGroup;
			children = (
				04B01F352A9A5D2000D6CEB6 /* UIViewController+Ext.swift */,
			);
			path = Extensions;
			sourceTree = "<group>";
		};
		04FA4BB72A9BA19F00EE2AC0 /* Support */ = {
			isa = PBXGroup;
			children = (
				04100F802A8E72860024D4A1 /* AppDelegate.swift */,
				04100F822A8E72860024D4A1 /* SceneDelegate.swift */,
			);
			path = Support;
			sourceTree = "<group>";
		};
		04FA4BBB2A9BA1A900EE2AC0 /* Alert Controller */ = {
			isa = PBXGroup;
			children = (
				0411CAE52A98FE7E000830DF /* GitHubAlertViewController.swift */,
			);
			path = "Alert Controller";
			sourceTree = "<group>";
		};
		04FA4BBC2A9BA33600EE2AC0 /* Model */ = {
			isa = PBXGroup;
			children = (
				04FA4BBD2A9BA35400EE2AC0 /* Follower.swift */,
				04FA4BBF2A9BA38900EE2AC0 /* User.swift */,
			);
			path = Model;
			sourceTree = "<group>";
		};
/* End PBXGroup section */

/* Begin PBXNativeTarget section */
		04100F7C2A8E72860024D4A1 /* GitHubFollowers */ = {
			isa = PBXNativeTarget;
			buildConfigurationList = 04100F912A8E72880024D4A1 /* Build configuration list for PBXNativeTarget "GitHubFollowers" */;
			buildPhases = (
				04100F792A8E72860024D4A1 /* Sources */,
				04100F7A2A8E72860024D4A1 /* Frameworks */,
				04100F7B2A8E72860024D4A1 /* Resources */,
			);
			buildRules = (
			);
			dependencies = (
			);
			name = GitHubFollowers;
			productName = GitHubFollowers;
			productReference = 04100F7D2A8E72860024D4A1 /* GitHubFollowers.app */;
			productType = "com.apple.product-type.application";
		};
/* End PBXNativeTarget section */

/* Begin PBXProject section */
		04100F752A8E72860024D4A1 /* Project object */ = {
			isa = PBXProject;
			attributes = {
				BuildIndependentTargetsInParallel = 1;
				LastSwiftUpdateCheck = 1410;
				LastUpgradeCheck = 1410;
				TargetAttributes = {
					04100F7C2A8E72860024D4A1 = {
						CreatedOnToolsVersion = 14.1;
					};
				};
			};
			buildConfigurationList = 04100F782A8E72860024D4A1 /* Build configuration list for PBXProject "GitHubFollowers" */;
			compatibilityVersion = "Xcode 14.0";
			developmentRegion = en;
			hasScannedForEncodings = 0;
			knownRegions = (
				en,
				Base,
			);
			mainGroup = 04100F742A8E72860024D4A1;
			productRefGroup = 04100F7E2A8E72860024D4A1 /* Products */;
			projectDirPath = "";
			projectRoot = "";
			targets = (
				04100F7C2A8E72860024D4A1 /* GitHubFollowers */,
			);
		};
/* End PBXProject section */

/* Begin PBXResourcesBuildPhase section */
		04100F7B2A8E72860024D4A1 /* Resources */ = {
			isa = PBXResourcesBuildPhase;
			buildActionMask = 2147483647;
			files = (
				04100F8D2A8E72880024D4A1 /* LaunchScreen.storyboard in Resources */,
				04100F8A2A8E72880024D4A1 /* Assets.xcassets in Resources */,
			);
			runOnlyForDeploymentPostprocessing = 0;
		};
/* End PBXResourcesBuildPhase section */

/* Begin PBXSourcesBuildPhase section */
		04100F792A8E72860024D4A1 /* Sources */ = {
			isa = PBXSourcesBuildPhase;
			buildActionMask = 2147483647;
			files = (
				04100F972A8E74550024D4A1 /* FavoritesListViewController.swift in Sources */,
				04100F992A8E74680024D4A1 /* UserInfoViewController.swift in Sources */,
				04B01F362A9A5D2000D6CEB6 /* UIViewController+Ext.swift in Sources */,
				04FFA93B2A948AD9006F259A /* GitHubFollowerButton.swift in Sources */,
				04FFA93F2A952D0F006F259A /* GitHubFollowerTextField.swift in Sources */,
				04100F952A8E74340024D4A1 /* FollowerListViewController.swift in Sources */,
				04FA4BC02A9BA38900EE2AC0 /* User.swift in Sources */,
				04100F852A8E72860024D4A1 /* SearchViewController.swift in Sources */,
				04FA4BBE2A9BA35400EE2AC0 /* Follower.swift in Sources */,
				04D5489F2A9C301000214EDA /* URLConstant.swift in Sources */,
				04100F812A8E72860024D4A1 /* AppDelegate.swift in Sources */,
				0411CAE62A98FE7E000830DF /* GitHubAlertViewController.swift in Sources */,
				04859A462A97BDF8009D9847 /* GitHubFollowerBodyLabel.swift in Sources */,
				04D5489C2A9C2E1D00214EDA /* NetworkManager.swift in Sources */,
				04859A402A979BF0009D9847 /* GithubFollowerTitleLabel.swift in Sources */,
				04100F832A8E72860024D4A1 /* SceneDelegate.swift in Sources */,
			);
			runOnlyForDeploymentPostprocessing = 0;
		};
/* End PBXSourcesBuildPhase section */

/* Begin PBXVariantGroup section */
		04100F8B2A8E72880024D4A1 /* LaunchScreen.storyboard */ = {
			isa = PBXVariantGroup;
			children = (
				04100F8C2A8E72880024D4A1 /* Base */,
			);
			name = LaunchScreen.storyboard;
			sourceTree = "<group>";
		};
/* End PBXVariantGroup section */

/* Begin XCBuildConfiguration section */
		04100F8F2A8E72880024D4A1 /* Debug */ = {
			isa = XCBuildConfiguration;
			buildSettings = {
				ALWAYS_SEARCH_USER_PATHS = NO;
				CLANG_ANALYZER_NONNULL = YES;
				CLANG_ANALYZER_NUMBER_OBJECT_CONVERSION = YES_AGGRESSIVE;
				CLANG_CXX_LANGUAGE_STANDARD = "gnu++20";
				CLANG_ENABLE_MODULES = YES;
				CLANG_ENABLE_OBJC_ARC = YES;
				CLANG_ENABLE_OBJC_WEAK = YES;
				CLANG_WARN_BLOCK_CAPTURE_AUTORELEASING = YES;
				CLANG_WARN_BOOL_CONVERSION = YES;
				CLANG_WARN_COMMA = YES;
				CLANG_WARN_CONSTANT_CONVERSION = YES;
				CLANG_WARN_DEPRECATED_OBJC_IMPLEMENTATIONS = YES;
				CLANG_WARN_DIRECT_OBJC_ISA_USAGE = YES_ERROR;
				CLANG_WARN_DOCUMENTATION_COMMENTS = YES;
				CLANG_WARN_EMPTY_BODY = YES;
				CLANG_WARN_ENUM_CONVERSION = YES;
				CLANG_WARN_INFINITE_RECURSION = YES;
				CLANG_WARN_INT_CONVERSION = YES;
				CLANG_WARN_NON_LITERAL_NULL_CONVERSION = YES;
				CLANG_WARN_OBJC_IMPLICIT_RETAIN_SELF = YES;
				CLANG_WARN_OBJC_LITERAL_CONVERSION = YES;
				CLANG_WARN_OBJC_ROOT_CLASS = YES_ERROR;
				CLANG_WARN_QUOTED_INCLUDE_IN_FRAMEWORK_HEADER = YES;
				CLANG_WARN_RANGE_LOOP_ANALYSIS = YES;
				CLANG_WARN_STRICT_PROTOTYPES = YES;
				CLANG_WARN_SUSPICIOUS_MOVE = YES;
				CLANG_WARN_UNGUARDED_AVAILABILITY = YES_AGGRESSIVE;
				CLANG_WARN_UNREACHABLE_CODE = YES;
				CLANG_WARN__DUPLICATE_METHOD_MATCH = YES;
				COPY_PHASE_STRIP = NO;
				DEBUG_INFORMATION_FORMAT = dwarf;
				ENABLE_STRICT_OBJC_MSGSEND = YES;
				ENABLE_TESTABILITY = YES;
				GCC_C_LANGUAGE_STANDARD = gnu11;
				GCC_DYNAMIC_NO_PIC = NO;
				GCC_NO_COMMON_BLOCKS = YES;
				GCC_OPTIMIZATION_LEVEL = 0;
				GCC_PREPROCESSOR_DEFINITIONS = (
					"DEBUG=1",
					"$(inherited)",
				);
				GCC_WARN_64_TO_32_BIT_CONVERSION = YES;
				GCC_WARN_ABOUT_RETURN_TYPE = YES_ERROR;
				GCC_WARN_UNDECLARED_SELECTOR = YES;
				GCC_WARN_UNINITIALIZED_AUTOS = YES_AGGRESSIVE;
				GCC_WARN_UNUSED_FUNCTION = YES;
				GCC_WARN_UNUSED_VARIABLE = YES;
				IPHONEOS_DEPLOYMENT_TARGET = 16.1;
				MTL_ENABLE_DEBUG_INFO = INCLUDE_SOURCE;
				MTL_FAST_MATH = YES;
				ONLY_ACTIVE_ARCH = YES;
				SDKROOT = iphoneos;
				SWIFT_ACTIVE_COMPILATION_CONDITIONS = DEBUG;
				SWIFT_OPTIMIZATION_LEVEL = "-Onone";
			};
			name = Debug;
		};
		04100F902A8E72880024D4A1 /* Release */ = {
			isa = XCBuildConfiguration;
			buildSettings = {
				ALWAYS_SEARCH_USER_PATHS = NO;
				CLANG_ANALYZER_NONNULL = YES;
				CLANG_ANALYZER_NUMBER_OBJECT_CONVERSION = YES_AGGRESSIVE;
				CLANG_CXX_LANGUAGE_STANDARD = "gnu++20";
				CLANG_ENABLE_MODULES = YES;
				CLANG_ENABLE_OBJC_ARC = YES;
				CLANG_ENABLE_OBJC_WEAK = YES;
				CLANG_WARN_BLOCK_CAPTURE_AUTORELEASING = YES;
				CLANG_WARN_BOOL_CONVERSION = YES;
				CLANG_WARN_COMMA = YES;
				CLANG_WARN_CONSTANT_CONVERSION = YES;
				CLANG_WARN_DEPRECATED_OBJC_IMPLEMENTATIONS = YES;
				CLANG_WARN_DIRECT_OBJC_ISA_USAGE = YES_ERROR;
				CLANG_WARN_DOCUMENTATION_COMMENTS = YES;
				CLANG_WARN_EMPTY_BODY = YES;
				CLANG_WARN_ENUM_CONVERSION = YES;
				CLANG_WARN_INFINITE_RECURSION = YES;
				CLANG_WARN_INT_CONVERSION = YES;
				CLANG_WARN_NON_LITERAL_NULL_CONVERSION = YES;
				CLANG_WARN_OBJC_IMPLICIT_RETAIN_SELF = YES;
				CLANG_WARN_OBJC_LITERAL_CONVERSION = YES;
				CLANG_WARN_OBJC_ROOT_CLASS = YES_ERROR;
				CLANG_WARN_QUOTED_INCLUDE_IN_FRAMEWORK_HEADER = YES;
				CLANG_WARN_RANGE_LOOP_ANALYSIS = YES;
				CLANG_WARN_STRICT_PROTOTYPES = YES;
				CLANG_WARN_SUSPICIOUS_MOVE = YES;
				CLANG_WARN_UNGUARDED_AVAILABILITY = YES_AGGRESSIVE;
				CLANG_WARN_UNREACHABLE_CODE = YES;
				CLANG_WARN__DUPLICATE_METHOD_MATCH = YES;
				COPY_PHASE_STRIP = NO;
				DEBUG_INFORMATION_FORMAT = "dwarf-with-dsym";
				ENABLE_NS_ASSERTIONS = NO;
				ENABLE_STRICT_OBJC_MSGSEND = YES;
				GCC_C_LANGUAGE_STANDARD = gnu11;
				GCC_NO_COMMON_BLOCKS = YES;
				GCC_WARN_64_TO_32_BIT_CONVERSION = YES;
				GCC_WARN_ABOUT_RETURN_TYPE = YES_ERROR;
				GCC_WARN_UNDECLARED_SELECTOR = YES;
				GCC_WARN_UNINITIALIZED_AUTOS = YES_AGGRESSIVE;
				GCC_WARN_UNUSED_FUNCTION = YES;
				GCC_WARN_UNUSED_VARIABLE = YES;
				IPHONEOS_DEPLOYMENT_TARGET = 16.1;
				MTL_ENABLE_DEBUG_INFO = NO;
				MTL_FAST_MATH = YES;
				SDKROOT = iphoneos;
				SWIFT_COMPILATION_MODE = wholemodule;
				SWIFT_OPTIMIZATION_LEVEL = "-O";
				VALIDATE_PRODUCT = YES;
			};
			name = Release;
		};
		04100F922A8E72880024D4A1 /* Debug */ = {
			isa = XCBuildConfiguration;
			buildSettings = {
				ASSETCATALOG_COMPILER_APPICON_NAME = AppIcon;
				ASSETCATALOG_COMPILER_GLOBAL_ACCENT_COLOR_NAME = AccentColor;
				CODE_SIGN_STYLE = Automatic;
				CURRENT_PROJECT_VERSION = 1;
				DEVELOPMENT_TEAM = 3KB9H7FNZB;
				GENERATE_INFOPLIST_FILE = YES;
				INFOPLIST_FILE = GitHubFollowers/Info.plist;
				INFOPLIST_KEY_UIApplicationSupportsIndirectInputEvents = YES;
				INFOPLIST_KEY_UILaunchStoryboardName = LaunchScreen;
				INFOPLIST_KEY_UISupportedInterfaceOrientations = UIInterfaceOrientationPortrait;
				INFOPLIST_KEY_UISupportedInterfaceOrientations_iPad = "UIInterfaceOrientationLandscapeLeft UIInterfaceOrientationLandscapeRight UIInterfaceOrientationPortrait UIInterfaceOrientationPortraitUpsideDown";
				LD_RUNPATH_SEARCH_PATHS = (
					"$(inherited)",
					"@executable_path/Frameworks",
				);
				MARKETING_VERSION = 1.0;
				PRODUCT_BUNDLE_IDENTIFIER = com.sadia.GitHubFollowers;
				PRODUCT_NAME = "$(TARGET_NAME)";
				SUPPORTED_PLATFORMS = "iphoneos iphonesimulator";
				SUPPORTS_MACCATALYST = NO;
				SUPPORTS_MAC_DESIGNED_FOR_IPHONE_IPAD = NO;
				SWIFT_EMIT_LOC_STRINGS = YES;
				SWIFT_VERSION = 5.0;
				TARGETED_DEVICE_FAMILY = 1;
			};
			name = Debug;
		};
		04100F932A8E72880024D4A1 /* Release */ = {
			isa = XCBuildConfiguration;
			buildSettings = {
				ASSETCATALOG_COMPILER_APPICON_NAME = AppIcon;
				ASSETCATALOG_COMPILER_GLOBAL_ACCENT_COLOR_NAME = AccentColor;
				CODE_SIGN_STYLE = Automatic;
				CURRENT_PROJECT_VERSION = 1;
				DEVELOPMENT_TEAM = 3KB9H7FNZB;
				GENERATE_INFOPLIST_FILE = YES;
				INFOPLIST_FILE = GitHubFollowers/Info.plist;
				INFOPLIST_KEY_UIApplicationSupportsIndirectInputEvents = YES;
				INFOPLIST_KEY_UILaunchStoryboardName = LaunchScreen;
				INFOPLIST_KEY_UISupportedInterfaceOrientations = UIInterfaceOrientationPortrait;
				INFOPLIST_KEY_UISupportedInterfaceOrientations_iPad = "UIInterfaceOrientationLandscapeLeft UIInterfaceOrientationLandscapeRight UIInterfaceOrientationPortrait UIInterfaceOrientationPortraitUpsideDown";
				LD_RUNPATH_SEARCH_PATHS = (
					"$(inherited)",
					"@executable_path/Frameworks",
				);
				MARKETING_VERSION = 1.0;
				PRODUCT_BUNDLE_IDENTIFIER = com.sadia.GitHubFollowers;
				PRODUCT_NAME = "$(TARGET_NAME)";
				SUPPORTED_PLATFORMS = "iphoneos iphonesimulator";
				SUPPORTS_MACCATALYST = NO;
				SUPPORTS_MAC_DESIGNED_FOR_IPHONE_IPAD = NO;
				SWIFT_EMIT_LOC_STRINGS = YES;
				SWIFT_VERSION = 5.0;
				TARGETED_DEVICE_FAMILY = 1;
			};
			name = Release;
		};
/* End XCBuildConfiguration section */

/* Begin XCConfigurationList section */
		04100F782A8E72860024D4A1 /* Build configuration list for PBXProject "GitHubFollowers" */ = {
			isa = XCConfigurationList;
			buildConfigurations = (
				04100F8F2A8E72880024D4A1 /* Debug */,
				04100F902A8E72880024D4A1 /* Release */,
			);
			defaultConfigurationIsVisible = 0;
			defaultConfigurationName = Release;
		};
		04100F912A8E72880024D4A1 /* Build configuration list for PBXNativeTarget "GitHubFollowers" */ = {
			isa = XCConfigurationList;
			buildConfigurations = (
				04100F922A8E72880024D4A1 /* Debug */,
				04100F932A8E72880024D4A1 /* Release */,
			);
			defaultConfigurationIsVisible = 0;
			defaultConfigurationName = Release;
		};
/* End XCConfigurationList section */
	};
	rootObject = 04100F752A8E72860024D4A1 /* Project object */;
}
